<?xml version="1.0" encoding="UTF-8" standalone="yes" ?>
<CodeBlocks_project_file>
	<FileVersion major="1" minor="6" />
	<Project>
		<Option title="SDL2" />
		<Option makefile="makefile" />
		<Option pch_mode="2" />
		<Option compiler="gcc" />
		<Build>
			<Target title="Debug">
				<Option output="bin/SDL2" prefix_auto="1" extension_auto="1" />
				<Option object_output="obj/" />
				<Option type="1" />
				<Option compiler="gcc" />
				<Compiler>
					<Add option="-pg" />
					<Add option="-Og" />
				</Compiler>
				<Linker>
					<Add option="-pg -lgmon" />
				</Linker>
			</Target>
			<Target title="Release">
				<Option output="bin/SDL2" prefix_auto="1" extension_auto="1" />
				<Option object_output="obj/" />
				<Option type="1" />
				<Option compiler="gcc" />
				<Compiler>
					<Add option="-fomit-frame-pointer" />
					<Add option="-fexpensive-optimizations" />
					<Add option="-O3" />
				</Compiler>
				<Linker>
					<Add option="-s" />
				</Linker>
			</Target>
		</Build>
		<Compiler>
			<Add option="-Wextra" />
			<Add option="-Wall" />
			<Add option="-std=c++14" />
			<Add option="-fpermissive" />
			<Add directory="lib" />
		</Compiler>
		<Linker>
			<Add option="-static-libstdc++" />
			<Add option="-static-libgcc" />
			<Add option="-lmingw32 -lsdl2main -lsdl2 -lsdl2_image -lsdl2_ttf -lsdl2_mixer -lsdl2_net -llua" />
		</Linker>
		<Unit filename="lib/lib_core.cpp" />
		<Unit filename="lib/lib_core.h" />
		<Unit filename="lib/lib_font.cpp" />
		<Unit filename="lib/lib_font.h" />
		<Unit filename="lib/lib_image.cpp" />
		<Unit filename="lib/lib_image.h" />
		<Unit filename="lib/lib_mixer.cpp" />
		<Unit filename="lib/lib_mixer.h" />
		<Unit filename="lib/lib_object.cpp" />
		<Unit filename="lib/lib_object.h" />
		<Unit filename="lib/lib_screen.cpp" />
		<Unit filename="lib/lib_screen.h" />
		<Unit filename="lib/lib_util.cpp" />
		<Unit filename="lib/lib_util.h" />
		<Unit filename="src/main.cpp" />
		<Unit filename="src/main.h" />
		<Unit filename="src/map.cpp" />
		<Unit filename="src/map.h" />
		<Extensions>
			<code_completion />
			<envvars />
			<debugger />
			<DoxyBlocks>
				<comment_style block="0" line="0" />
				<doxyfile_project output_language="French" />
				<doxyfile_build extract_all="1" />
				<doxyfile_warnings />
				<doxyfile_output man="1" />
				<doxyfile_dot class_diagrams="1" have_dot="1" />
				<general />
			</DoxyBlocks>
		</Extensions>
	</Project>
</CodeBlocks_project_file>
